{
  "version": 4,
  "terraform_version": "1.12.1",
  "serial": 20,
  "lineage": "15506b1d-6dfe-cf5f-3661-bb5a2cb5b18a",
  "outputs": {},
  "resources": [
    {
      "mode": "managed",
      "type": "google_compute_address",
      "name": "vm_static_ip",
      "provider": "provider[\"registry.terraform.io/hashicorp/google\"]",
      "instances": [
        {
          "schema_version": 0,
          "attributes": {
            "address": "34.78.110.43",
            "address_type": "EXTERNAL",
            "creation_timestamp": "2025-06-04T19:02:03.892-07:00",
            "description": "",
            "id": "projects/qwiklabs-gcp-00-f9cfb412a69e/regions/europe-west1/addresses/terraform-static-ip",
            "name": "terraform-static-ip",
            "network_tier": "PREMIUM",
            "project": "qwiklabs-gcp-00-f9cfb412a69e",
            "purpose": "",
            "region": "europe-west1",
            "self_link": "https://www.googleapis.com/compute/v1/projects/qwiklabs-gcp-00-f9cfb412a69e/regions/europe-west1/addresses/terraform-static-ip",
            "subnetwork": "",
            "timeouts": null,
            "users": [
              "https://www.googleapis.com/compute/v1/projects/qwiklabs-gcp-00-f9cfb412a69e/zones/europe-west1-b/instances/terraform-instance"
            ]
          },
          "sensitive_attributes": [],
          "identity_schema_version": 0,
          "private": "eyJlMmJmYjczMC1lY2FhLTExZTYtOGY4OC0zNDM2M2JjN2M0YzAiOnsiY3JlYXRlIjoyNDAwMDAwMDAwMDAsImRlbGV0ZSI6MjQwMDAwMDAwMDAwfX0="
        }
      ]
    },
    {
      "mode": "managed",
      "type": "google_compute_instance",
      "name": "another_instance",
      "provider": "provider[\"registry.terraform.io/hashicorp/google\"]",
      "instances": [
        {
          "schema_version": 6,
          "attributes": {
            "allow_stopping_for_update": null,
            "attached_disk": [],
            "boot_disk": [
              {
                "auto_delete": true,
                "device_name": "persistent-disk-0",
                "disk_encryption_key_raw": "",
                "disk_encryption_key_sha256": "",
                "initialize_params": [
                  {
                    "image": "https://www.googleapis.com/compute/v1/projects/cos-cloud/global/images/cos-stable-121-18867-90-38",
                    "labels": {},
                    "size": 10,
                    "type": "pd-standard"
                  }
                ],
                "kms_key_self_link": "",
                "mode": "READ_WRITE",
                "source": "https://www.googleapis.com/compute/v1/projects/qwiklabs-gcp-00-f9cfb412a69e/zones/europe-west1-b/disks/terraform-instance-2"
              }
            ],
            "can_ip_forward": false,
            "cpu_platform": "Intel Broadwell",
            "deletion_protection": false,
            "description": "",
            "enable_display": false,
            "guest_accelerator": [],
            "hostname": "",
            "id": "projects/qwiklabs-gcp-00-f9cfb412a69e/zones/europe-west1-b/instances/terraform-instance-2",
            "instance_id": "1642478815129978114",
            "label_fingerprint": "42WmSpB8rSM=",
            "labels": {},
            "machine_type": "e2-micro",
            "metadata": {},
            "metadata_fingerprint": "DuTvBun1lHs=",
            "metadata_startup_script": "",
            "min_cpu_platform": "",
            "name": "terraform-instance-2",
            "network_interface": [
              {
                "access_config": [
                  {
                    "nat_ip": "34.79.86.189",
                    "network_tier": "PREMIUM",
                    "public_ptr_domain_name": ""
                  }
                ],
                "alias_ip_range": [],
                "name": "nic0",
                "network": "https://www.googleapis.com/compute/v1/projects/qwiklabs-gcp-00-f9cfb412a69e/global/networks/terraform-network",
                "network_ip": "10.132.0.3",
                "subnetwork": "https://www.googleapis.com/compute/v1/projects/qwiklabs-gcp-00-f9cfb412a69e/regions/europe-west1/subnetworks/terraform-network",
                "subnetwork_project": "qwiklabs-gcp-00-f9cfb412a69e"
              }
            ],
            "project": "qwiklabs-gcp-00-f9cfb412a69e",
            "scheduling": [
              {
                "automatic_restart": true,
                "node_affinities": [],
                "on_host_maintenance": "MIGRATE",
                "preemptible": false
              }
            ],
            "scratch_disk": [],
            "self_link": "https://www.googleapis.com/compute/v1/projects/qwiklabs-gcp-00-f9cfb412a69e/zones/europe-west1-b/instances/terraform-instance-2",
            "service_account": [],
            "shielded_instance_config": [
              {
                "enable_integrity_monitoring": true,
                "enable_secure_boot": false,
                "enable_vtpm": true
              }
            ],
            "tags": [],
            "tags_fingerprint": "42WmSpB8rSM=",
            "timeouts": null,
            "zone": "europe-west1-b"
          },
          "sensitive_attributes": [
            [
              {
                "type": "get_attr",
                "value": "boot_disk"
              },
              {
                "type": "index",
                "value": {
                  "value": 0,
                  "type": "number"
                }
              },
              {
                "type": "get_attr",
                "value": "disk_encryption_key_raw"
              }
            ]
          ],
          "identity_schema_version": 0,
          "private": "eyJlMmJmYjczMC1lY2FhLTExZTYtOGY4OC0zNDM2M2JjN2M0YzAiOnsiY3JlYXRlIjoxMjAwMDAwMDAwMDAwLCJkZWxldGUiOjEyMDAwMDAwMDAwMDAsInVwZGF0ZSI6MTIwMDAwMDAwMDAwMH0sInNjaGVtYV92ZXJzaW9uIjoiNiJ9",
          "dependencies": [
            "google_compute_network.vpc_network",
            "google_storage_bucket.example_bucket"
          ]
        }
      ]
    },
    {
      "mode": "managed",
      "type": "google_compute_instance",
      "name": "vm_instance",
      "provider": "provider[\"registry.terraform.io/hashicorp/google\"]",
      "instances": [
        {
          "status": "tainted",
          "schema_version": 6,
          "attributes": {
            "allow_stopping_for_update": null,
            "attached_disk": [],
            "boot_disk": [
              {
                "auto_delete": true,
                "device_name": "persistent-disk-0",
                "disk_encryption_key_raw": "",
                "disk_encryption_key_sha256": "",
                "initialize_params": [
                  {
                    "image": "https://www.googleapis.com/compute/v1/projects/cos-cloud/global/images/cos-stable-121-18867-90-38",
                    "labels": {},
                    "size": 10,
                    "type": "pd-standard"
                  }
                ],
                "kms_key_self_link": "",
                "mode": "READ_WRITE",
                "source": "https://www.googleapis.com/compute/v1/projects/qwiklabs-gcp-00-f9cfb412a69e/zones/europe-west1-b/disks/terraform-instance"
              }
            ],
            "can_ip_forward": false,
            "cpu_platform": "Intel Broadwell",
            "deletion_protection": false,
            "description": "",
            "enable_display": false,
            "guest_accelerator": [],
            "hostname": "",
            "id": "projects/qwiklabs-gcp-00-f9cfb412a69e/zones/europe-west1-b/instances/terraform-instance",
            "instance_id": "1203391213104612438",
            "label_fingerprint": "42WmSpB8rSM=",
            "labels": {},
            "machine_type": "e2-micro",
            "metadata": {},
            "metadata_fingerprint": "DuTvBun1lHs=",
            "metadata_startup_script": "",
            "min_cpu_platform": "",
            "name": "terraform-instance",
            "network_interface": [
              {
                "access_config": [
                  {
                    "nat_ip": "34.78.110.43",
                    "network_tier": "PREMIUM",
                    "public_ptr_domain_name": ""
                  }
                ],
                "alias_ip_range": [],
                "name": "nic0",
                "network": "https://www.googleapis.com/compute/v1/projects/qwiklabs-gcp-00-f9cfb412a69e/global/networks/terraform-network",
                "network_ip": "10.132.0.2",
                "subnetwork": "https://www.googleapis.com/compute/v1/projects/qwiklabs-gcp-00-f9cfb412a69e/regions/europe-west1/subnetworks/terraform-network",
                "subnetwork_project": "qwiklabs-gcp-00-f9cfb412a69e"
              }
            ],
            "project": "qwiklabs-gcp-00-f9cfb412a69e",
            "scheduling": [
              {
                "automatic_restart": true,
                "node_affinities": [],
                "on_host_maintenance": "MIGRATE",
                "preemptible": false
              }
            ],
            "scratch_disk": [],
            "self_link": "https://www.googleapis.com/compute/v1/projects/qwiklabs-gcp-00-f9cfb412a69e/zones/europe-west1-b/instances/terraform-instance",
            "service_account": [],
            "shielded_instance_config": [
              {
                "enable_integrity_monitoring": true,
                "enable_secure_boot": false,
                "enable_vtpm": true
              }
            ],
            "tags": [
              "dev",
              "web"
            ],
            "tags_fingerprint": "XaeQnaHMn9Y=",
            "timeouts": null,
            "zone": "europe-west1-b"
          },
          "sensitive_attributes": [
            [
              {
                "type": "get_attr",
                "value": "boot_disk"
              },
              {
                "type": "index",
                "value": {
                  "value": 0,
                  "type": "number"
                }
              },
              {
                "type": "get_attr",
                "value": "disk_encryption_key_raw"
              }
            ]
          ],
          "identity_schema_version": 0,
          "private": "eyJlMmJmYjczMC1lY2FhLTExZTYtOGY4OC0zNDM2M2JjN2M0YzAiOnsiY3JlYXRlIjoxMjAwMDAwMDAwMDAwLCJkZWxldGUiOjEyMDAwMDAwMDAwMDAsInVwZGF0ZSI6MTIwMDAwMDAwMDAwMH0sInNjaGVtYV92ZXJzaW9uIjoiNiJ9",
          "dependencies": [
            "google_compute_address.vm_static_ip",
            "google_compute_network.vpc_network"
          ]
        }
      ]
    },
    {
      "mode": "managed",
      "type": "google_compute_network",
      "name": "vpc_network",
      "provider": "provider[\"registry.terraform.io/hashicorp/google\"]",
      "instances": [
        {
          "schema_version": 0,
          "attributes": {
            "auto_create_subnetworks": true,
            "delete_default_routes_on_create": false,
            "description": "",
            "gateway_ipv4": "",
            "id": "projects/qwiklabs-gcp-00-f9cfb412a69e/global/networks/terraform-network",
            "ipv4_range": null,
            "name": "terraform-network",
            "project": "qwiklabs-gcp-00-f9cfb412a69e",
            "routing_mode": "REGIONAL",
            "self_link": "https://www.googleapis.com/compute/v1/projects/qwiklabs-gcp-00-f9cfb412a69e/global/networks/terraform-network",
            "timeouts": null
          },
          "sensitive_attributes": [],
          "identity_schema_version": 0,
          "private": "eyJlMmJmYjczMC1lY2FhLTExZTYtOGY4OC0zNDM2M2JjN2M0YzAiOnsiY3JlYXRlIjoyNDAwMDAwMDAwMDAsImRlbGV0ZSI6MjQwMDAwMDAwMDAwLCJ1cGRhdGUiOjI0MDAwMDAwMDAwMH19"
        }
      ]
    },
    {
      "mode": "managed",
      "type": "google_storage_bucket",
      "name": "example_bucket",
      "provider": "provider[\"registry.terraform.io/hashicorp/google\"]",
      "instances": [
        {
          "schema_version": 0,
          "attributes": {
            "bucket_policy_only": false,
            "cors": [],
            "encryption": [],
            "force_destroy": false,
            "id": "test-tf-gcsbucket",
            "labels": {},
            "lifecycle_rule": [],
            "location": "US",
            "logging": [],
            "name": "test-tf-gcsbucket",
            "project": "qwiklabs-gcp-00-f9cfb412a69e",
            "requester_pays": false,
            "retention_policy": [],
            "self_link": "https://www.googleapis.com/storage/v1/b/test-tf-gcsbucket",
            "storage_class": "STANDARD",
            "url": "gs://test-tf-gcsbucket",
            "versioning": [],
            "website": [
              {
                "main_page_suffix": "index.html",
                "not_found_page": "404.html"
              }
            ]
          },
          "sensitive_attributes": [],
          "identity_schema_version": 0,
          "private": "bnVsbA=="
        }
      ]
    }
  ],
  "check_results": null
}
